
Microsoft Visual Studio Solution File, Format Version 12.00
# Visual Studio Version 16
VisualStudioVersion = 16.0.32106.194
MinimumVisualStudioVersion = 10.0.40219.1
Project("{9A19103F-16F7-4668-BE54-9A1E7A4F7556}") = "LWP.ShoppersHubDAL", "LWP.ShoppersHubDAL\LWP.ShoppersHubDAL.csproj", "{F8B9C2E5-3A00-401A-9C60-9057FC62C238}"
EndProject
Project("{9A19103F-16F7-4668-BE54-9A1E7A4F7556}") = "LWP.ShoppersHubUI", "LWP.ShoppersHubUI\LWP.ShoppersHubUI.csproj", "{F6ADA5E0-47F0-4D6D-B486-799E39956011}"
EndProject
Project("{FAE04EC0-301F-11D3-BF4B-00C04F79EFBC}") = "LWP.ShoppersHubServices", "LWP.ShoppersHubServices\LWP.ShoppersHubServices.csproj", "{FA1A8FA5-BA2C-411D-8E43-9C49A180794A}"
EndProject
Global
	GlobalSection(SolutionConfigurationPlatforms) = preSolution
		Debug|Any CPU = Debug|Any CPU
		Release|Any CPU = Release|Any CPU
	EndGlobalSection
	GlobalSection(ProjectConfigurationPlatforms) = postSolution
		{F8B9C2E5-3A00-401A-9C60-9057FC62C238}.Debug|Any CPU.ActiveCfg = Debug|Any CPU
		{F8B9C2E5-3A00-401A-9C60-9057FC62C238}.Debug|Any CPU.Build.0 = Debug|Any CPU
		{F8B9C2E5-3A00-401A-9C60-9057FC62C238}.Release|Any CPU.ActiveCfg = Release|Any CPU
		{F8B9C2E5-3A00-401A-9C60-9057FC62C238}.Release|Any CPU.Build.0 = Release|Any CPU
		{F6ADA5E0-47F0-4D6D-B486-799E39956011}.Debug|Any CPU.ActiveCfg = Debug|Any CPU
		{F6ADA5E0-47F0-4D6D-B486-799E39956011}.Debug|Any CPU.Build.0 = Debug|Any CPU
		{F6ADA5E0-47F0-4D6D-B486-799E39956011}.Release|Any CPU.ActiveCfg = Release|Any CPU
		{F6ADA5E0-47F0-4D6D-B486-799E39956011}.Release|Any CPU.Build.0 = Release|Any CPU
		{FA1A8FA5-BA2C-411D-8E43-9C49A180794A}.Debug|Any CPU.ActiveCfg = Debug|Any CPU
		{FA1A8FA5-BA2C-411D-8E43-9C49A180794A}.Debug|Any CPU.Build.0 = Debug|Any CPU
		{FA1A8FA5-BA2C-411D-8E43-9C49A180794A}.Release|Any CPU.ActiveCfg = Release|Any CPU
		{FA1A8FA5-BA2C-411D-8E43-9C49A180794A}.Release|Any CPU.Build.0 = Release|Any CPU
	EndGlobalSection
	GlobalSection(SolutionProperties) = preSolution
		HideSolutionNode = FALSE
	EndGlobalSection
	GlobalSection(ExtensibilityGlobals) = postSolution
		SolutionGuid = {3D488F96-4F78-40E4-B83E-E06206BB1C08}
	EndGlobalSection
EndGlobal
